
Microsoft Visual Studio Solution File, Format Version 12.00
# Visual Studio Version 16
VisualStudioVersion = 16.0.30907.101
MinimumVisualStudioVersion = 10.0.40219.1
Project("{FAE04EC0-301F-11D3-BF4B-00C04F79EFBC}") = "Notes", "Notes.csproj", "{685BF82E-9CC1-4684-A3F8-0DCD1F4CF711}"
EndProject
Global
	GlobalSection(SolutionConfigurationPlatforms) = preSolution
		Debug|Any CPU = Debug|Any CPU
		Release|Any CPU = Release|Any CPU
	EndGlobalSection
	GlobalSection(ProjectConfigurationPlatforms) = postSolution
		{685BF82E-9CC1-4684-A3F8-0DCD1F4CF711}.Debug|Any CPU.ActiveCfg = Debug|Any CPU
		{685BF82E-9CC1-4684-A3F8-0DCD1F4CF711}.Debug|Any CPU.Build.0 = Debug|Any CPU
		{685BF82E-9CC1-4684-A3F8-0DCD1F4CF711}.Release|Any CPU.ActiveCfg = Release|Any CPU
		{685BF82E-9CC1-4684-A3F8-0DCD1F4CF711}.Release|Any CPU.Build.0 = Release|Any CPU
	EndGlobalSection
	GlobalSection(SolutionProperties) = preSolution
		HideSolutionNode = FALSE
	EndGlobalSection
	GlobalSection(ExtensibilityGlobals) = postSolution
		SolutionGuid = {FF78BC6C-7C78-4034-BCBD-0B2BE59D2C31}
	EndGlobalSection
EndGlobal
